
Microsoft Visual Studio Solution File, Format Version 12.00
# Visual Studio Version 16
VisualStudioVersion = 16.0.32413.511
MinimumVisualStudioVersion = 10.0.40219.1
Project("{FAE04EC0-301F-11D3-BF4B-00C04F79EFBC}") = "oef15-1", "oef15-1\oef15-1.csproj", "{4113DFCC-2BDE-488E-A9AF-7B973483C904}"
EndProject
Global
	GlobalSection(SolutionConfigurationPlatforms) = preSolution
		Debug|Any CPU = Debug|Any CPU
		Release|Any CPU = Release|Any CPU
	EndGlobalSection
	GlobalSection(ProjectConfigurationPlatforms) = postSolution
		{4113DFCC-2BDE-488E-A9AF-7B973483C904}.Debug|Any CPU.ActiveCfg = Debug|Any CPU
		{4113DFCC-2BDE-488E-A9AF-7B973483C904}.Debug|Any CPU.Build.0 = Debug|Any CPU
		{4113DFCC-2BDE-488E-A9AF-7B973483C904}.Release|Any CPU.ActiveCfg = Release|Any CPU
		{4113DFCC-2BDE-488E-A9AF-7B973483C904}.Release|Any CPU.Build.0 = Release|Any CPU
	EndGlobalSection
	GlobalSection(SolutionProperties) = preSolution
		HideSolutionNode = FALSE
	EndGlobalSection
	GlobalSection(ExtensibilityGlobals) = postSolution
		SolutionGuid = {49B68151-B4DE-48B6-AD73-4FBF9240DF8B}
	EndGlobalSection
EndGlobal
